
Microsoft Visual Studio Solution File, Format Version 12.00
# Visual Studio Version 16
VisualStudioVersion = 16.0.30330.147
MinimumVisualStudioVersion = 10.0.40219.1
Project("{8BC9CEB8-8B4A-11D0-8D11-00A0C91BC942}") = "Hollow_Pyramid_Star_Pattern", "Hollow_Pyramid_Star_Pattern\Hollow_Pyramid_Star_Pattern.vcxproj", "{8B8BD8D7-671F-4D3A-BE77-661180F03707}"
EndProject
Global
	GlobalSection(SolutionConfigurationPlatforms) = preSolution
		Debug|x64 = Debug|x64
		Debug|x86 = Debug|x86
		Release|x64 = Release|x64
		Release|x86 = Release|x86
	EndGlobalSection
	GlobalSection(ProjectConfigurationPlatforms) = postSolution
		{8B8BD8D7-671F-4D3A-BE77-661180F03707}.Debug|x64.ActiveCfg = Debug|x64
		{8B8BD8D7-671F-4D3A-BE77-661180F03707}.Debug|x64.Build.0 = Debug|x64
		{8B8BD8D7-671F-4D3A-BE77-661180F03707}.Debug|x86.ActiveCfg = Debug|Win32
		{8B8BD8D7-671F-4D3A-BE77-661180F03707}.Debug|x86.Build.0 = Debug|Win32
		{8B8BD8D7-671F-4D3A-BE77-661180F03707}.Release|x64.ActiveCfg = Release|x64
		{8B8BD8D7-671F-4D3A-BE77-661180F03707}.Release|x64.Build.0 = Release|x64
		{8B8BD8D7-671F-4D3A-BE77-661180F03707}.Release|x86.ActiveCfg = Release|Win32
		{8B8BD8D7-671F-4D3A-BE77-661180F03707}.Release|x86.Build.0 = Release|Win32
	EndGlobalSection
	GlobalSection(SolutionProperties) = preSolution
		HideSolutionNode = FALSE
	EndGlobalSection
	GlobalSection(ExtensibilityGlobals) = postSolution
		SolutionGuid = {48CC3DA1-1EF3-4CA8-BA13-C603784CD272}
	EndGlobalSection
EndGlobal
